
Microsoft Visual Studio Solution File, Format Version 12.00
# Visual Studio Version 17
VisualStudioVersion = 17.0.31919.166
MinimumVisualStudioVersion = 10.0.40219.1
Project("{FAE04EC0-301F-11D3-BF4B-00C04F79EFBC}") = "FeigIDRWA02", "FeigIDRWA02\FeigIDRWA02.csproj", "{F17EDEF4-A18A-490D-A552-B044E76E333A}"
EndProject
Project("{FAE04EC0-301F-11D3-BF4B-00C04F79EFBC}") = "GantnerFunWriter5200", "GantnerFunWriter5200\GantnerFunWriter5200.csproj", "{BAA6C03B-CA4C-4573-AC9B-9F37FE93B4BE}"
EndProject
Project("{FAE04EC0-301F-11D3-BF4B-00C04F79EFBC}") = "KeyboardListener", "KeyboardListener\KeyboardListener.csproj", "{9CE795FC-DD0C-428D-9FAC-78737F3B1FA7}"
EndProject
Project("{FAE04EC0-301F-11D3-BF4B-00C04F79EFBC}") = "MotorolaDS6707", "MotorolaDS6707\MotorolaDS6707.csproj", "{B06A8820-FE68-4E2A-9351-F1C1D402909C}"
EndProject
Project("{FAE04EC0-301F-11D3-BF4B-00C04F79EFBC}") = "DeviceFramework", "DeviceFramework\DeviceFramework.csproj", "{C0B87BE2-D2BE-41C0-A865-60F1F83815EE}"
EndProject
Project("{FAE04EC0-301F-11D3-BF4B-00C04F79EFBC}") = "TIM-Devices", "TIMs-Devices\TIM-Devices.csproj", "{D4E8F0EF-B430-4F11-B6B0-03DEAFA5E8FB}"
EndProject
Project("{FAE04EC0-301F-11D3-BF4B-00C04F79EFBC}") = "GantnerAccess6200", "GantnerAccess6200\GantnerAccess6200.csproj", "{18F2A701-90A0-4BCF-A26C-39DADAF64BDE}"
EndProject
Project("{FAE04EC0-301F-11D3-BF4B-00C04F79EFBC}") = "AccessControlInstaller", "AccessControlInstaller\AccessControlInstaller.csproj", "{218C4968-5A76-489E-8ADC-81B7C7E3604F}"
EndProject
Global
	GlobalSection(SolutionConfigurationPlatforms) = preSolution
		CD_ROM|Any CPU = CD_ROM|Any CPU
		CD_ROM|Mixed Platforms = CD_ROM|Mixed Platforms
		CD_ROM|x86 = CD_ROM|x86
		Debug|Any CPU = Debug|Any CPU
		Debug|Mixed Platforms = Debug|Mixed Platforms
		Debug|x86 = Debug|x86
		DVD-5|Any CPU = DVD-5|Any CPU
		DVD-5|Mixed Platforms = DVD-5|Mixed Platforms
		DVD-5|x86 = DVD-5|x86
		Release|Any CPU = Release|Any CPU
		Release|Mixed Platforms = Release|Mixed Platforms
		Release|x86 = Release|x86
		Retail|Any CPU = Retail|Any CPU
		Retail|Mixed Platforms = Retail|Mixed Platforms
		Retail|x86 = Retail|x86
		SingleImage|Any CPU = SingleImage|Any CPU
		SingleImage|Mixed Platforms = SingleImage|Mixed Platforms
		SingleImage|x86 = SingleImage|x86
	EndGlobalSection
	GlobalSection(ProjectConfigurationPlatforms) = postSolution
		{F17EDEF4-A18A-490D-A552-B044E76E333A}.CD_ROM|Any CPU.ActiveCfg = Release|x86
		{F17EDEF4-A18A-490D-A552-B044E76E333A}.CD_ROM|Mixed Platforms.ActiveCfg = Release|x86
		{F17EDEF4-A18A-490D-A552-B044E76E333A}.CD_ROM|Mixed Platforms.Build.0 = Release|x86
		{F17EDEF4-A18A-490D-A552-B044E76E333A}.CD_ROM|x86.ActiveCfg = Release|x86
		{F17EDEF4-A18A-490D-A552-B044E76E333A}.CD_ROM|x86.Build.0 = Release|x86
		{F17EDEF4-A18A-490D-A552-B044E76E333A}.Debug|Any CPU.ActiveCfg = Debug|Any CPU
		{F17EDEF4-A18A-490D-A552-B044E76E333A}.Debug|Any CPU.Build.0 = Debug|Any CPU
		{F17EDEF4-A18A-490D-A552-B044E76E333A}.Debug|Mixed Platforms.ActiveCfg = Debug|x86
		{F17EDEF4-A18A-490D-A552-B044E76E333A}.Debug|Mixed Platforms.Build.0 = Debug|x86
		{F17EDEF4-A18A-490D-A552-B044E76E333A}.Debug|x86.ActiveCfg = Debug|x86
		{F17EDEF4-A18A-490D-A552-B044E76E333A}.Debug|x86.Build.0 = Debug|x86
		{F17EDEF4-A18A-490D-A552-B044E76E333A}.DVD-5|Any CPU.ActiveCfg = Debug|x86
		{F17EDEF4-A18A-490D-A552-B044E76E333A}.DVD-5|Mixed Platforms.ActiveCfg = Debug|x86
		{F17EDEF4-A18A-490D-A552-B044E76E333A}.DVD-5|Mixed Platforms.Build.0 = Debug|x86
		{F17EDEF4-A18A-490D-A552-B044E76E333A}.DVD-5|x86.ActiveCfg = Debug|x86
		{F17EDEF4-A18A-490D-A552-B044E76E333A}.DVD-5|x86.Build.0 = Debug|x86
		{F17EDEF4-A18A-490D-A552-B044E76E333A}.Release|Any CPU.ActiveCfg = Release|Any CPU
		{F17EDEF4-A18A-490D-A552-B044E76E333A}.Release|Any CPU.Build.0 = Release|Any CPU
		{F17EDEF4-A18A-490D-A552-B044E76E333A}.Release|Mixed Platforms.ActiveCfg = Release|x86
		{F17EDEF4-A18A-490D-A552-B044E76E333A}.Release|Mixed Platforms.Build.0 = Release|x86
		{F17EDEF4-A18A-490D-A552-B044E76E333A}.Release|x86.ActiveCfg = Release|x86
		{F17EDEF4-A18A-490D-A552-B044E76E333A}.Release|x86.Build.0 = Release|x86
		{F17EDEF4-A18A-490D-A552-B044E76E333A}.Retail|Any CPU.ActiveCfg = Retail|Any CPU
		{F17EDEF4-A18A-490D-A552-B044E76E333A}.Retail|Any CPU.Build.0 = Retail|Any CPU
		{F17EDEF4-A18A-490D-A552-B044E76E333A}.Retail|Mixed Platforms.ActiveCfg = Retail|x86
		{F17EDEF4-A18A-490D-A552-B044E76E333A}.Retail|Mixed Platforms.Build.0 = Retail|x86
		{F17EDEF4-A18A-490D-A552-B044E76E333A}.Retail|x86.ActiveCfg = Retail|x86
		{F17EDEF4-A18A-490D-A552-B044E76E333A}.Retail|x86.Build.0 = Retail|x86
		{F17EDEF4-A18A-490D-A552-B044E76E333A}.SingleImage|Any CPU.ActiveCfg = Release|x86
		{F17EDEF4-A18A-490D-A552-B044E76E333A}.SingleImage|Mixed Platforms.ActiveCfg = Release|x86
		{F17EDEF4-A18A-490D-A552-B044E76E333A}.SingleImage|Mixed Platforms.Build.0 = Release|x86
		{F17EDEF4-A18A-490D-A552-B044E76E333A}.SingleImage|x86.ActiveCfg = Release|x86
		{F17EDEF4-A18A-490D-A552-B044E76E333A}.SingleImage|x86.Build.0 = Release|x86
		{BAA6C03B-CA4C-4573-AC9B-9F37FE93B4BE}.CD_ROM|Any CPU.ActiveCfg = Release|x86
		{BAA6C03B-CA4C-4573-AC9B-9F37FE93B4BE}.CD_ROM|Mixed Platforms.ActiveCfg = Release|x86
		{BAA6C03B-CA4C-4573-AC9B-9F37FE93B4BE}.CD_ROM|Mixed Platforms.Build.0 = Release|x86
		{BAA6C03B-CA4C-4573-AC9B-9F37FE93B4BE}.CD_ROM|x86.ActiveCfg = Release|x86
		{BAA6C03B-CA4C-4573-AC9B-9F37FE93B4BE}.CD_ROM|x86.Build.0 = Release|x86
		{BAA6C03B-CA4C-4573-AC9B-9F37FE93B4BE}.Debug|Any CPU.ActiveCfg = Debug|Any CPU
		{BAA6C03B-CA4C-4573-AC9B-9F37FE93B4BE}.Debug|Any CPU.Build.0 = Debug|Any CPU
		{BAA6C03B-CA4C-4573-AC9B-9F37FE93B4BE}.Debug|Mixed Platforms.ActiveCfg = Debug|x86
		{BAA6C03B-CA4C-4573-AC9B-9F37FE93B4BE}.Debug|Mixed Platforms.Build.0 = Debug|x86
		{BAA6C03B-CA4C-4573-AC9B-9F37FE93B4BE}.Debug|x86.ActiveCfg = Debug|x86
		{BAA6C03B-CA4C-4573-AC9B-9F37FE93B4BE}.Debug|x86.Build.0 = Debug|x86
		{BAA6C03B-CA4C-4573-AC9B-9F37FE93B4BE}.DVD-5|Any CPU.ActiveCfg = Debug|x86
		{BAA6C03B-CA4C-4573-AC9B-9F37FE93B4BE}.DVD-5|Mixed Platforms.ActiveCfg = Debug|x86
		{BAA6C03B-CA4C-4573-AC9B-9F37FE93B4BE}.DVD-5|Mixed Platforms.Build.0 = Debug|x86
		{BAA6C03B-CA4C-4573-AC9B-9F37FE93B4BE}.DVD-5|x86.ActiveCfg = Debug|x86
		{BAA6C03B-CA4C-4573-AC9B-9F37FE93B4BE}.DVD-5|x86.Build.0 = Debug|x86
		{BAA6C03B-CA4C-4573-AC9B-9F37FE93B4BE}.Release|Any CPU.ActiveCfg = Release|Any CPU
		{BAA6C03B-CA4C-4573-AC9B-9F37FE93B4BE}.Release|Any CPU.Build.0 = Release|Any CPU
		{BAA6C03B-CA4C-4573-AC9B-9F37FE93B4BE}.Release|Mixed Platforms.ActiveCfg = Release|x86
		{BAA6C03B-CA4C-4573-AC9B-9F37FE93B4BE}.Release|Mixed Platforms.Build.0 = Release|x86
		{BAA6C03B-CA4C-4573-AC9B-9F37FE93B4BE}.Release|x86.ActiveCfg = Release|x86
		{BAA6C03B-CA4C-4573-AC9B-9F37FE93B4BE}.Release|x86.Build.0 = Release|x86
		{BAA6C03B-CA4C-4573-AC9B-9F37FE93B4BE}.Retail|Any CPU.ActiveCfg = Retail|Any CPU
		{BAA6C03B-CA4C-4573-AC9B-9F37FE93B4BE}.Retail|Any CPU.Build.0 = Retail|Any CPU
		{BAA6C03B-CA4C-4573-AC9B-9F37FE93B4BE}.Retail|Mixed Platforms.ActiveCfg = Retail|x86
		{BAA6C03B-CA4C-4573-AC9B-9F37FE93B4BE}.Retail|Mixed Platforms.Build.0 = Retail|x86
		{BAA6C03B-CA4C-4573-AC9B-9F37FE93B4BE}.Retail|x86.ActiveCfg = Retail|x86
		{BAA6C03B-CA4C-4573-AC9B-9F37FE93B4BE}.Retail|x86.Build.0 = Retail|x86
		{BAA6C03B-CA4C-4573-AC9B-9F37FE93B4BE}.SingleImage|Any CPU.ActiveCfg = Release|x86
		{BAA6C03B-CA4C-4573-AC9B-9F37FE93B4BE}.SingleImage|Mixed Platforms.ActiveCfg = Release|x86
		{BAA6C03B-CA4C-4573-AC9B-9F37FE93B4BE}.SingleImage|Mixed Platforms.Build.0 = Release|x86
		{BAA6C03B-CA4C-4573-AC9B-9F37FE93B4BE}.SingleImage|x86.ActiveCfg = Release|x86
		{BAA6C03B-CA4C-4573-AC9B-9F37FE93B4BE}.SingleImage|x86.Build.0 = Release|x86
		{9CE795FC-DD0C-428D-9FAC-78737F3B1FA7}.CD_ROM|Any CPU.ActiveCfg = Release|x86
		{9CE795FC-DD0C-428D-9FAC-78737F3B1FA7}.CD_ROM|Mixed Platforms.ActiveCfg = Release|x86
		{9CE795FC-DD0C-428D-9FAC-78737F3B1FA7}.CD_ROM|Mixed Platforms.Build.0 = Release|x86
		{9CE795FC-DD0C-428D-9FAC-78737F3B1FA7}.CD_ROM|x86.ActiveCfg = Release|x86
		{9CE795FC-DD0C-428D-9FAC-78737F3B1FA7}.CD_ROM|x86.Build.0 = Release|x86
		{9CE795FC-DD0C-428D-9FAC-78737F3B1FA7}.Debug|Any CPU.ActiveCfg = Debug|Any CPU
		{9CE795FC-DD0C-428D-9FAC-78737F3B1FA7}.Debug|Any CPU.Build.0 = Debug|Any CPU
		{9CE795FC-DD0C-428D-9FAC-78737F3B1FA7}.Debug|Mixed Platforms.ActiveCfg = Debug|x86
		{9CE795FC-DD0C-428D-9FAC-78737F3B1FA7}.Debug|Mixed Platforms.Build.0 = Debug|x86
		{9CE795FC-DD0C-428D-9FAC-78737F3B1FA7}.Debug|x86.ActiveCfg = Debug|x86
		{9CE795FC-DD0C-428D-9FAC-78737F3B1FA7}.Debug|x86.Build.0 = Debug|x86
		{9CE795FC-DD0C-428D-9FAC-78737F3B1FA7}.DVD-5|Any CPU.ActiveCfg = Debug|x86
		{9CE795FC-DD0C-428D-9FAC-78737F3B1FA7}.DVD-5|Mixed Platforms.ActiveCfg = Debug|x86
		{9CE795FC-DD0C-428D-9FAC-78737F3B1FA7}.DVD-5|Mixed Platforms.Build.0 = Debug|x86
		{9CE795FC-DD0C-428D-9FAC-78737F3B1FA7}.DVD-5|x86.ActiveCfg = Debug|x86
		{9CE795FC-DD0C-428D-9FAC-78737F3B1FA7}.DVD-5|x86.Build.0 = Debug|x86
		{9CE795FC-DD0C-428D-9FAC-78737F3B1FA7}.Release|Any CPU.ActiveCfg = Release|Any CPU
		{9CE795FC-DD0C-428D-9FAC-78737F3B1FA7}.Release|Any CPU.Build.0 = Release|Any CPU
		{9CE795FC-DD0C-428D-9FAC-78737F3B1FA7}.Release|Mixed Platforms.ActiveCfg = Release|x86
		{9CE795FC-DD0C-428D-9FAC-78737F3B1FA7}.Release|Mixed Platforms.Build.0 = Release|x86
		{9CE795FC-DD0C-428D-9FAC-78737F3B1FA7}.Release|x86.ActiveCfg = Release|x86
		{9CE795FC-DD0C-428D-9FAC-78737F3B1FA7}.Release|x86.Build.0 = Release|x86
		{9CE795FC-DD0C-428D-9FAC-78737F3B1FA7}.Retail|Any CPU.ActiveCfg = Retail|Any CPU
		{9CE795FC-DD0C-428D-9FAC-78737F3B1FA7}.Retail|Any CPU.Build.0 = Retail|Any CPU
		{9CE795FC-DD0C-428D-9FAC-78737F3B1FA7}.Retail|Mixed Platforms.ActiveCfg = Retail|x86
		{9CE795FC-DD0C-428D-9FAC-78737F3B1FA7}.Retail|Mixed Platforms.Build.0 = Retail|x86
		{9CE795FC-DD0C-428D-9FAC-78737F3B1FA7}.Retail|x86.ActiveCfg = Retail|x86
		{9CE795FC-DD0C-428D-9FAC-78737F3B1FA7}.Retail|x86.Build.0 = Retail|x86
		{9CE795FC-DD0C-428D-9FAC-78737F3B1FA7}.SingleImage|Any CPU.ActiveCfg = Release|x86
		{9CE795FC-DD0C-428D-9FAC-78737F3B1FA7}.SingleImage|Mixed Platforms.ActiveCfg = Release|x86
		{9CE795FC-DD0C-428D-9FAC-78737F3B1FA7}.SingleImage|Mixed Platforms.Build.0 = Release|x86
		{9CE795FC-DD0C-428D-9FAC-78737F3B1FA7}.SingleImage|x86.ActiveCfg = Release|x86
		{9CE795FC-DD0C-428D-9FAC-78737F3B1FA7}.SingleImage|x86.Build.0 = Release|x86
		{B06A8820-FE68-4E2A-9351-F1C1D402909C}.CD_ROM|Any CPU.ActiveCfg = Release|x86
		{B06A8820-FE68-4E2A-9351-F1C1D402909C}.CD_ROM|Mixed Platforms.ActiveCfg = Release|x86
		{B06A8820-FE68-4E2A-9351-F1C1D402909C}.CD_ROM|Mixed Platforms.Build.0 = Release|x86
		{B06A8820-FE68-4E2A-9351-F1C1D402909C}.CD_ROM|x86.ActiveCfg = Release|x86
		{B06A8820-FE68-4E2A-9351-F1C1D402909C}.CD_ROM|x86.Build.0 = Release|x86
		{B06A8820-FE68-4E2A-9351-F1C1D402909C}.Debug|Any CPU.ActiveCfg = Debug|Any CPU
		{B06A8820-FE68-4E2A-9351-F1C1D402909C}.Debug|Any CPU.Build.0 = Debug|Any CPU
		{B06A8820-FE68-4E2A-9351-F1C1D402909C}.Debug|Mixed Platforms.ActiveCfg = Debug|x86
		{B06A8820-FE68-4E2A-9351-F1C1D402909C}.Debug|Mixed Platforms.Build.0 = Debug|x86
		{B06A8820-FE68-4E2A-9351-F1C1D402909C}.Debug|x86.ActiveCfg = Debug|x86
		{B06A8820-FE68-4E2A-9351-F1C1D402909C}.Debug|x86.Build.0 = Debug|x86
		{B06A8820-FE68-4E2A-9351-F1C1D402909C}.DVD-5|Any CPU.ActiveCfg = Debug|x86
		{B06A8820-FE68-4E2A-9351-F1C1D402909C}.DVD-5|Mixed Platforms.ActiveCfg = Debug|x86
		{B06A8820-FE68-4E2A-9351-F1C1D402909C}.DVD-5|Mixed Platforms.Build.0 = Debug|x86
		{B06A8820-FE68-4E2A-9351-F1C1D402909C}.DVD-5|x86.ActiveCfg = Debug|x86
		{B06A8820-FE68-4E2A-9351-F1C1D402909C}.DVD-5|x86.Build.0 = Debug|x86
		{B06A8820-FE68-4E2A-9351-F1C1D402909C}.Release|Any CPU.ActiveCfg = Release|Any CPU
		{B06A8820-FE68-4E2A-9351-F1C1D402909C}.Release|Any CPU.Build.0 = Release|Any CPU
		{B06A8820-FE68-4E2A-9351-F1C1D402909C}.Release|Mixed Platforms.ActiveCfg = Release|x86
		{B06A8820-FE68-4E2A-9351-F1C1D402909C}.Release|Mixed Platforms.Build.0 = Release|x86
		{B06A8820-FE68-4E2A-9351-F1C1D402909C}.Release|x86.ActiveCfg = Release|x86
		{B06A8820-FE68-4E2A-9351-F1C1D402909C}.Release|x86.Build.0 = Release|x86
		{B06A8820-FE68-4E2A-9351-F1C1D402909C}.Retail|Any CPU.ActiveCfg = Retail|Any CPU
		{B06A8820-FE68-4E2A-9351-F1C1D402909C}.Retail|Any CPU.Build.0 = Retail|Any CPU
		{B06A8820-FE68-4E2A-9351-F1C1D402909C}.Retail|Mixed Platforms.ActiveCfg = Retail|x86
		{B06A8820-FE68-4E2A-9351-F1C1D402909C}.Retail|Mixed Platforms.Build.0 = Retail|x86
		{B06A8820-FE68-4E2A-9351-F1C1D402909C}.Retail|x86.ActiveCfg = Retail|x86
		{B06A8820-FE68-4E2A-9351-F1C1D402909C}.Retail|x86.Build.0 = Retail|x86
		{B06A8820-FE68-4E2A-9351-F1C1D402909C}.SingleImage|Any CPU.ActiveCfg = Release|x86
		{B06A8820-FE68-4E2A-9351-F1C1D402909C}.SingleImage|Mixed Platforms.ActiveCfg = Release|x86
		{B06A8820-FE68-4E2A-9351-F1C1D402909C}.SingleImage|Mixed Platforms.Build.0 = Release|x86
		{B06A8820-FE68-4E2A-9351-F1C1D402909C}.SingleImage|x86.ActiveCfg = Release|x86
		{B06A8820-FE68-4E2A-9351-F1C1D402909C}.SingleImage|x86.Build.0 = Release|x86
		{C0B87BE2-D2BE-41C0-A865-60F1F83815EE}.CD_ROM|Any CPU.ActiveCfg = Release|x86
		{C0B87BE2-D2BE-41C0-A865-60F1F83815EE}.CD_ROM|Mixed Platforms.ActiveCfg = Release|x86
		{C0B87BE2-D2BE-41C0-A865-60F1F83815EE}.CD_ROM|Mixed Platforms.Build.0 = Release|x86
		{C0B87BE2-D2BE-41C0-A865-60F1F83815EE}.CD_ROM|x86.ActiveCfg = Release|x86
		{C0B87BE2-D2BE-41C0-A865-60F1F83815EE}.CD_ROM|x86.Build.0 = Release|x86
		{C0B87BE2-D2BE-41C0-A865-60F1F83815EE}.Debug|Any CPU.ActiveCfg = Debug|Any CPU
		{C0B87BE2-D2BE-41C0-A865-60F1F83815EE}.Debug|Any CPU.Build.0 = Debug|Any CPU
		{C0B87BE2-D2BE-41C0-A865-60F1F83815EE}.Debug|Mixed Platforms.ActiveCfg = Debug|x86
		{C0B87BE2-D2BE-41C0-A865-60F1F83815EE}.Debug|Mixed Platforms.Build.0 = Debug|x86
		{C0B87BE2-D2BE-41C0-A865-60F1F83815EE}.Debug|x86.ActiveCfg = Debug|x86
		{C0B87BE2-D2BE-41C0-A865-60F1F83815EE}.Debug|x86.Build.0 = Debug|x86
		{C0B87BE2-D2BE-41C0-A865-60F1F83815EE}.DVD-5|Any CPU.ActiveCfg = Debug|x86
		{C0B87BE2-D2BE-41C0-A865-60F1F83815EE}.DVD-5|Mixed Platforms.ActiveCfg = Debug|x86
		{C0B87BE2-D2BE-41C0-A865-60F1F83815EE}.DVD-5|Mixed Platforms.Build.0 = Debug|x86
		{C0B87BE2-D2BE-41C0-A865-60F1F83815EE}.DVD-5|x86.ActiveCfg = Debug|x86
		{C0B87BE2-D2BE-41C0-A865-60F1F83815EE}.DVD-5|x86.Build.0 = Debug|x86
		{C0B87BE2-D2BE-41C0-A865-60F1F83815EE}.Release|Any CPU.ActiveCfg = Release|Any CPU
		{C0B87BE2-D2BE-41C0-A865-60F1F83815EE}.Release|Any CPU.Build.0 = Release|Any CPU
		{C0B87BE2-D2BE-41C0-A865-60F1F83815EE}.Release|Mixed Platforms.ActiveCfg = Release|x86
		{C0B87BE2-D2BE-41C0-A865-60F1F83815EE}.Release|Mixed Platforms.Build.0 = Release|x86
		{C0B87BE2-D2BE-41C0-A865-60F1F83815EE}.Release|x86.ActiveCfg = Release|x86
		{C0B87BE2-D2BE-41C0-A865-60F1F83815EE}.Release|x86.Build.0 = Release|x86
		{C0B87BE2-D2BE-41C0-A865-60F1F83815EE}.Retail|Any CPU.ActiveCfg = Retail|Any CPU
		{C0B87BE2-D2BE-41C0-A865-60F1F83815EE}.Retail|Any CPU.Build.0 = Retail|Any CPU
		{C0B87BE2-D2BE-41C0-A865-60F1F83815EE}.Retail|Mixed Platforms.ActiveCfg = Retail|x86
		{C0B87BE2-D2BE-41C0-A865-60F1F83815EE}.Retail|Mixed Platforms.Build.0 = Retail|x86
		{C0B87BE2-D2BE-41C0-A865-60F1F83815EE}.Retail|x86.ActiveCfg = Retail|x86
		{C0B87BE2-D2BE-41C0-A865-60F1F83815EE}.Retail|x86.Build.0 = Retail|x86
		{C0B87BE2-D2BE-41C0-A865-60F1F83815EE}.SingleImage|Any CPU.ActiveCfg = Release|x86
		{C0B87BE2-D2BE-41C0-A865-60F1F83815EE}.SingleImage|Mixed Platforms.ActiveCfg = Release|x86
		{C0B87BE2-D2BE-41C0-A865-60F1F83815EE}.SingleImage|Mixed Platforms.Build.0 = Release|x86
		{C0B87BE2-D2BE-41C0-A865-60F1F83815EE}.SingleImage|x86.ActiveCfg = Release|x86
		{C0B87BE2-D2BE-41C0-A865-60F1F83815EE}.SingleImage|x86.Build.0 = Release|x86
		{D4E8F0EF-B430-4F11-B6B0-03DEAFA5E8FB}.CD_ROM|Any CPU.ActiveCfg = Release|x86
		{D4E8F0EF-B430-4F11-B6B0-03DEAFA5E8FB}.CD_ROM|Mixed Platforms.ActiveCfg = Release|x86
		{D4E8F0EF-B430-4F11-B6B0-03DEAFA5E8FB}.CD_ROM|Mixed Platforms.Build.0 = Release|x86
		{D4E8F0EF-B430-4F11-B6B0-03DEAFA5E8FB}.CD_ROM|x86.ActiveCfg = Release|x86
		{D4E8F0EF-B430-4F11-B6B0-03DEAFA5E8FB}.CD_ROM|x86.Build.0 = Release|x86
		{D4E8F0EF-B430-4F11-B6B0-03DEAFA5E8FB}.Debug|Any CPU.ActiveCfg = Debug|x86
		{D4E8F0EF-B430-4F11-B6B0-03DEAFA5E8FB}.Debug|Mixed Platforms.ActiveCfg = Debug|x86
		{D4E8F0EF-B430-4F11-B6B0-03DEAFA5E8FB}.Debug|Mixed Platforms.Build.0 = Debug|x86
		{D4E8F0EF-B430-4F11-B6B0-03DEAFA5E8FB}.Debug|x86.ActiveCfg = Debug|x86
		{D4E8F0EF-B430-4F11-B6B0-03DEAFA5E8FB}.Debug|x86.Build.0 = Debug|x86
		{D4E8F0EF-B430-4F11-B6B0-03DEAFA5E8FB}.DVD-5|Any CPU.ActiveCfg = Debug|x86
		{D4E8F0EF-B430-4F11-B6B0-03DEAFA5E8FB}.DVD-5|Mixed Platforms.ActiveCfg = Debug|x86
		{D4E8F0EF-B430-4F11-B6B0-03DEAFA5E8FB}.DVD-5|Mixed Platforms.Build.0 = Debug|x86
		{D4E8F0EF-B430-4F11-B6B0-03DEAFA5E8FB}.DVD-5|x86.ActiveCfg = Debug|x86
		{D4E8F0EF-B430-4F11-B6B0-03DEAFA5E8FB}.DVD-5|x86.Build.0 = Debug|x86
		{D4E8F0EF-B430-4F11-B6B0-03DEAFA5E8FB}.Release|Any CPU.ActiveCfg = Release|x86
		{D4E8F0EF-B430-4F11-B6B0-03DEAFA5E8FB}.Release|Any CPU.Build.0 = Release|x86
		{D4E8F0EF-B430-4F11-B6B0-03DEAFA5E8FB}.Release|Mixed Platforms.ActiveCfg = Release|x86
		{D4E8F0EF-B430-4F11-B6B0-03DEAFA5E8FB}.Release|Mixed Platforms.Build.0 = Release|x86
		{D4E8F0EF-B430-4F11-B6B0-03DEAFA5E8FB}.Release|x86.ActiveCfg = Release|x86
		{D4E8F0EF-B430-4F11-B6B0-03DEAFA5E8FB}.Release|x86.Build.0 = Release|x86
		{D4E8F0EF-B430-4F11-B6B0-03DEAFA5E8FB}.Retail|Any CPU.ActiveCfg = Retail|x86
		{D4E8F0EF-B430-4F11-B6B0-03DEAFA5E8FB}.Retail|Any CPU.Build.0 = Retail|x86
		{D4E8F0EF-B430-4F11-B6B0-03DEAFA5E8FB}.Retail|Mixed Platforms.ActiveCfg = Retail|x86
		{D4E8F0EF-B430-4F11-B6B0-03DEAFA5E8FB}.Retail|Mixed Platforms.Build.0 = Retail|x86
		{D4E8F0EF-B430-4F11-B6B0-03DEAFA5E8FB}.Retail|x86.ActiveCfg = Retail|x86
		{D4E8F0EF-B430-4F11-B6B0-03DEAFA5E8FB}.Retail|x86.Build.0 = Retail|x86
		{D4E8F0EF-B430-4F11-B6B0-03DEAFA5E8FB}.SingleImage|Any CPU.ActiveCfg = Release|x86
		{D4E8F0EF-B430-4F11-B6B0-03DEAFA5E8FB}.SingleImage|Mixed Platforms.ActiveCfg = Release|x86
		{D4E8F0EF-B430-4F11-B6B0-03DEAFA5E8FB}.SingleImage|Mixed Platforms.Build.0 = Release|x86
		{D4E8F0EF-B430-4F11-B6B0-03DEAFA5E8FB}.SingleImage|x86.ActiveCfg = Release|x86
		{D4E8F0EF-B430-4F11-B6B0-03DEAFA5E8FB}.SingleImage|x86.Build.0 = Release|x86
		{18F2A701-90A0-4BCF-A26C-39DADAF64BDE}.CD_ROM|Any CPU.ActiveCfg = Release|Any CPU
		{18F2A701-90A0-4BCF-A26C-39DADAF64BDE}.CD_ROM|Any CPU.Build.0 = Release|Any CPU
		{18F2A701-90A0-4BCF-A26C-39DADAF64BDE}.CD_ROM|Mixed Platforms.ActiveCfg = Release|Any CPU
		{18F2A701-90A0-4BCF-A26C-39DADAF64BDE}.CD_ROM|Mixed Platforms.Build.0 = Release|Any CPU
		{18F2A701-90A0-4BCF-A26C-39DADAF64BDE}.CD_ROM|x86.ActiveCfg = Release|Any CPU
		{18F2A701-90A0-4BCF-A26C-39DADAF64BDE}.Debug|Any CPU.ActiveCfg = Debug|Any CPU
		{18F2A701-90A0-4BCF-A26C-39DADAF64BDE}.Debug|Any CPU.Build.0 = Debug|Any CPU
		{18F2A701-90A0-4BCF-A26C-39DADAF64BDE}.Debug|Mixed Platforms.ActiveCfg = Debug|x86
		{18F2A701-90A0-4BCF-A26C-39DADAF64BDE}.Debug|Mixed Platforms.Build.0 = Debug|x86
		{18F2A701-90A0-4BCF-A26C-39DADAF64BDE}.Debug|x86.ActiveCfg = Debug|x86
		{18F2A701-90A0-4BCF-A26C-39DADAF64BDE}.Debug|x86.Build.0 = Debug|x86
		{18F2A701-90A0-4BCF-A26C-39DADAF64BDE}.DVD-5|Any CPU.ActiveCfg = Debug|Any CPU
		{18F2A701-90A0-4BCF-A26C-39DADAF64BDE}.DVD-5|Any CPU.Build.0 = Debug|Any CPU
		{18F2A701-90A0-4BCF-A26C-39DADAF64BDE}.DVD-5|Mixed Platforms.ActiveCfg = Debug|Any CPU
		{18F2A701-90A0-4BCF-A26C-39DADAF64BDE}.DVD-5|Mixed Platforms.Build.0 = Debug|Any CPU
		{18F2A701-90A0-4BCF-A26C-39DADAF64BDE}.DVD-5|x86.ActiveCfg = Debug|Any CPU
		{18F2A701-90A0-4BCF-A26C-39DADAF64BDE}.Release|Any CPU.ActiveCfg = Release|Any CPU
		{18F2A701-90A0-4BCF-A26C-39DADAF64BDE}.Release|Any CPU.Build.0 = Release|Any CPU
		{18F2A701-90A0-4BCF-A26C-39DADAF64BDE}.Release|Mixed Platforms.ActiveCfg = Release|x86
		{18F2A701-90A0-4BCF-A26C-39DADAF64BDE}.Release|Mixed Platforms.Build.0 = Release|x86
		{18F2A701-90A0-4BCF-A26C-39DADAF64BDE}.Release|x86.ActiveCfg = Release|x86
		{18F2A701-90A0-4BCF-A26C-39DADAF64BDE}.Release|x86.Build.0 = Release|x86
		{18F2A701-90A0-4BCF-A26C-39DADAF64BDE}.Retail|Any CPU.ActiveCfg = Retail|Any CPU
		{18F2A701-90A0-4BCF-A26C-39DADAF64BDE}.Retail|Any CPU.Build.0 = Retail|Any CPU
		{18F2A701-90A0-4BCF-A26C-39DADAF64BDE}.Retail|Mixed Platforms.ActiveCfg = Retail|x86
		{18F2A701-90A0-4BCF-A26C-39DADAF64BDE}.Retail|Mixed Platforms.Build.0 = Retail|x86
		{18F2A701-90A0-4BCF-A26C-39DADAF64BDE}.Retail|x86.ActiveCfg = Retail|x86
		{18F2A701-90A0-4BCF-A26C-39DADAF64BDE}.Retail|x86.Build.0 = Retail|x86
		{18F2A701-90A0-4BCF-A26C-39DADAF64BDE}.SingleImage|Any CPU.ActiveCfg = Release|Any CPU
		{18F2A701-90A0-4BCF-A26C-39DADAF64BDE}.SingleImage|Any CPU.Build.0 = Release|Any CPU
		{18F2A701-90A0-4BCF-A26C-39DADAF64BDE}.SingleImage|Mixed Platforms.ActiveCfg = Release|Any CPU
		{18F2A701-90A0-4BCF-A26C-39DADAF64BDE}.SingleImage|Mixed Platforms.Build.0 = Release|Any CPU
		{18F2A701-90A0-4BCF-A26C-39DADAF64BDE}.SingleImage|x86.ActiveCfg = Release|Any CPU
		{218C4968-5A76-489E-8ADC-81B7C7E3604F}.CD_ROM|Any CPU.ActiveCfg = Release|Any CPU
		{218C4968-5A76-489E-8ADC-81B7C7E3604F}.CD_ROM|Any CPU.Build.0 = Release|Any CPU
		{218C4968-5A76-489E-8ADC-81B7C7E3604F}.CD_ROM|Mixed Platforms.ActiveCfg = Release|Any CPU
		{218C4968-5A76-489E-8ADC-81B7C7E3604F}.CD_ROM|Mixed Platforms.Build.0 = Release|Any CPU
		{218C4968-5A76-489E-8ADC-81B7C7E3604F}.CD_ROM|x86.ActiveCfg = Release|Any CPU
		{218C4968-5A76-489E-8ADC-81B7C7E3604F}.CD_ROM|x86.Build.0 = Release|Any CPU
		{218C4968-5A76-489E-8ADC-81B7C7E3604F}.Debug|Any CPU.ActiveCfg = Debug|Any CPU
		{218C4968-5A76-489E-8ADC-81B7C7E3604F}.Debug|Any CPU.Build.0 = Debug|Any CPU
		{218C4968-5A76-489E-8ADC-81B7C7E3604F}.Debug|Mixed Platforms.ActiveCfg = Debug|Any CPU
		{218C4968-5A76-489E-8ADC-81B7C7E3604F}.Debug|Mixed Platforms.Build.0 = Debug|Any CPU
		{218C4968-5A76-489E-8ADC-81B7C7E3604F}.Debug|x86.ActiveCfg = Debug|x86
		{218C4968-5A76-489E-8ADC-81B7C7E3604F}.Debug|x86.Build.0 = Debug|x86
		{218C4968-5A76-489E-8ADC-81B7C7E3604F}.DVD-5|Any CPU.ActiveCfg = Debug|Any CPU
		{218C4968-5A76-489E-8ADC-81B7C7E3604F}.DVD-5|Any CPU.Build.0 = Debug|Any CPU
		{218C4968-5A76-489E-8ADC-81B7C7E3604F}.DVD-5|Mixed Platforms.ActiveCfg = Debug|Any CPU
		{218C4968-5A76-489E-8ADC-81B7C7E3604F}.DVD-5|Mixed Platforms.Build.0 = Debug|Any CPU
		{218C4968-5A76-489E-8ADC-81B7C7E3604F}.DVD-5|x86.ActiveCfg = Debug|Any CPU
		{218C4968-5A76-489E-8ADC-81B7C7E3604F}.DVD-5|x86.Build.0 = Debug|Any CPU
		{218C4968-5A76-489E-8ADC-81B7C7E3604F}.Release|Any CPU.ActiveCfg = Release|Any CPU
		{218C4968-5A76-489E-8ADC-81B7C7E3604F}.Release|Any CPU.Build.0 = Release|Any CPU
		{218C4968-5A76-489E-8ADC-81B7C7E3604F}.Release|Mixed Platforms.ActiveCfg = Release|Any CPU
		{218C4968-5A76-489E-8ADC-81B7C7E3604F}.Release|Mixed Platforms.Build.0 = Release|Any CPU
		{218C4968-5A76-489E-8ADC-81B7C7E3604F}.Release|x86.ActiveCfg = Release|Any CPU
		{218C4968-5A76-489E-8ADC-81B7C7E3604F}.Release|x86.Build.0 = Release|Any CPU
		{218C4968-5A76-489E-8ADC-81B7C7E3604F}.Retail|Any CPU.ActiveCfg = Retail|Any CPU
		{218C4968-5A76-489E-8ADC-81B7C7E3604F}.Retail|Any CPU.Build.0 = Retail|Any CPU
		{218C4968-5A76-489E-8ADC-81B7C7E3604F}.Retail|Mixed Platforms.ActiveCfg = Retail|x86
		{218C4968-5A76-489E-8ADC-81B7C7E3604F}.Retail|Mixed Platforms.Build.0 = Retail|x86
		{218C4968-5A76-489E-8ADC-81B7C7E3604F}.Retail|x86.ActiveCfg = Retail|x86
		{218C4968-5A76-489E-8ADC-81B7C7E3604F}.Retail|x86.Build.0 = Retail|x86
		{218C4968-5A76-489E-8ADC-81B7C7E3604F}.SingleImage|Any CPU.ActiveCfg = Release|Any CPU
		{218C4968-5A76-489E-8ADC-81B7C7E3604F}.SingleImage|Any CPU.Build.0 = Release|Any CPU
		{218C4968-5A76-489E-8ADC-81B7C7E3604F}.SingleImage|Mixed Platforms.ActiveCfg = Release|Any CPU
		{218C4968-5A76-489E-8ADC-81B7C7E3604F}.SingleImage|Mixed Platforms.Build.0 = Release|Any CPU
		{218C4968-5A76-489E-8ADC-81B7C7E3604F}.SingleImage|x86.ActiveCfg = Release|Any CPU
		{218C4968-5A76-489E-8ADC-81B7C7E3604F}.SingleImage|x86.Build.0 = Release|Any CPU
	EndGlobalSection
	GlobalSection(SolutionProperties) = preSolution
		HideSolutionNode = FALSE
	EndGlobalSection
	GlobalSection(ExtensibilityGlobals) = postSolution
		SolutionGuid = {F1D12CE7-DDE8-4781-B93F-74806A47F312}
	EndGlobalSection
	GlobalSection(TeamFoundationVersionControl) = preSolution
		SccNumberOfProjects = 9
		SccEnterpriseProvider = {4CA58AB2-18FA-4F8D-95D4-32DDF27D184C}
		SccTeamFoundationServer = http://wandev02:8080/tfs/defaultcollection
		SccLocalPath0 = .
		SccProjectUniqueName1 = FeigIDRWA02\\FeigIDRWA02.csproj
		SccProjectName1 = FeigIDRWA02
		SccLocalPath1 = FeigIDRWA02
		SccProjectUniqueName2 = GantnerFunWriter5200\\GantnerFunWriter5200.csproj
		SccProjectName2 = GantnerFunWriter5200
		SccLocalPath2 = GantnerFunWriter5200
		SccProjectUniqueName3 = KeyboardListener\\KeyboardListener.csproj
		SccProjectName3 = KeyboardListener
		SccLocalPath3 = KeyboardListener
		SccProjectUniqueName4 = MotorolaDS6707\\MotorolaDS6707.csproj
		SccProjectName4 = MotorolaDS6707
		SccLocalPath4 = MotorolaDS6707
		SccProjectUniqueName5 = DeviceFramework\\DeviceFramework.csproj
		SccProjectName5 = DeviceFramework
		SccLocalPath5 = DeviceFramework
		SccProjectUniqueName6 = GantnerAccess6200\\GantnerAccess6200.csproj
		SccProjectName6 = GantnerAccess6200
		SccLocalPath6 = GantnerAccess6200
		SccProjectUniqueName7 = TIMs-Devices\\TIM-Devices.csproj
		SccProjectName7 = TIMs-Devices
		SccLocalPath7 = TIMs-Devices
		SccProjectUniqueName8 = AccessControlInstaller\\AccessControlInstaller.csproj
		SccProjectName8 = AccessControlInstaller
		SccLocalPath8 = AccessControlInstaller
	EndGlobalSection
EndGlobal
